// !$*UTF8*$!
{
	archiveVersion = 1;
	classes = {
	};
	objectVersion = 50;
	objects = {

/* Begin PBXBuildFile section */
		A5DAEA3D273A59A100559AA0 /* AppDelegate.swift in Sources */ = {isa = PBXBuildFile; fileRef = A5DAEA3C273A59A100559AA0 /* AppDelegate.swift */; };
		A5DAEA3F273A59A100559AA0 /* SceneDelegate.swift in Sources */ = {isa = PBXBuildFile; fileRef = A5DAEA3E273A59A100559AA0 /* SceneDelegate.swift */; };
		A5DAEA41273A59A100559AA0 /* ViewController.swift in Sources */ = {isa = PBXBuildFile; fileRef = A5DAEA40273A59A100559AA0 /* ViewController.swift */; };
		A5DAEA44273A59A100559AA0 /* Main.storyboard in Resources */ = {isa = PBXBuildFile; fileRef = A5DAEA42273A59A100559AA0 /* Main.storyboard */; };
		A5DAEA46273A59A200559AA0 /* Assets.xcassets in Resources */ = {isa = PBXBuildFile; fileRef = A5DAEA45273A59A200559AA0 /* Assets.xcassets */; };
		A5DAEA49273A59A200559AA0 /* LaunchScreen.storyboard in Resources */ = {isa = PBXBuildFile; fileRef = A5DAEA47273A59A200559AA0 /* LaunchScreen.storyboard */; };
		A5DAEA54273A59A200559AA0 /* TableViewsTests.swift in Sources */ = {isa = PBXBuildFile; fileRef = A5DAEA53273A59A200559AA0 /* TableViewsTests.swift */; };
		A5DAEA5F273A59A200559AA0 /* TableViewsUITests.swift in Sources */ = {isa = PBXBuildFile; fileRef = A5DAEA5E273A59A200559AA0 /* TableViewsUITests.swift */; };
/* End PBXBuildFile section */

/* Begin PBXContainerItemProxy section */
		A5DAEA50273A59A200559AA0 /* PBXContainerItemProxy */ = {
			isa = PBXContainerItemProxy;
			containerPortal = A5DAEA31273A59A100559AA0 /* Project object */;
			proxyType = 1;
			remoteGlobalIDString = A5DAEA38273A59A100559AA0;
			remoteInfo = TableViews;
		};
		A5DAEA5B273A59A200559AA0 /* PBXContainerItemProxy */ = {
			isa = PBXContainerItemProxy;
			containerPortal = A5DAEA31273A59A100559AA0 /* Project object */;
			proxyType = 1;
			remoteGlobalIDString = A5DAEA38273A59A100559AA0;
			remoteInfo = TableViews;
		};
/* End PBXContainerItemProxy section */

/* Begin PBXFileReference section */
		A5DAEA39273A59A100559AA0 /* TableViews.app */ = {isa = PBXFileReference; explicitFileType = wrapper.application; includeInIndex = 0; path = TableViews.app; sourceTree = BUILT_PRODUCTS_DIR; };
		A5DAEA3C273A59A100559AA0 /* AppDelegate.swift */ = {isa = PBXFileReference; lastKnownFileType = sourcecode.swift; path = AppDelegate.swift; sourceTree = "<group>"; };
		A5DAEA3E273A59A100559AA0 /* SceneDelegate.swift */ = {isa = PBXFileReference; lastKnownFileType = sourcecode.swift; path = SceneDelegate.swift; sourceTree = "<group>"; };
		A5DAEA40273A59A100559AA0 /* ViewController.swift */ = {isa = PBXFileReference; lastKnownFileType = sourcecode.swift; path = ViewController.swift; sourceTree = "<group>"; };
		A5DAEA43273A59A100559AA0 /* Base */ = {isa = PBXFileReference; lastKnownFileType = file.storyboard; name = Base; path = Base.lproj/Main.storyboard; sourceTree = "<group>"; };
		A5DAEA45273A59A200559AA0 /* Assets.xcassets */ = {isa = PBXFileReference; lastKnownFileType = folder.assetcatalog; path = Assets.xcassets; sourceTree = "<group>"; };
		A5DAEA48273A59A200559AA0 /* Base */ = {isa = PBXFileReference; lastKnownFileType = file.storyboard; name = Base; path = Base.lproj/LaunchScreen.storyboard; sourceTree = "<group>"; };
		A5DAEA4A273A59A200559AA0 /* Info.plist */ = {isa = PBXFileReference; lastKnownFileType = text.plist.xml; path = Info.plist; sourceTree = "<group>"; };
		A5DAEA4F273A59A200559AA0 /* TableViewsTests.xctest */ = {isa = PBXFileReference; explicitFileType = wrapper.cfbundle; includeInIndex = 0; path = TableViewsTests.xctest; sourceTree = BUILT_PRODUCTS_DIR; };
		A5DAEA53273A59A200559AA0 /* TableViewsTests.swift */ = {isa = PBXFileReference; lastKnownFileType = sourcecode.swift; path = TableViewsTests.swift; sourceTree = "<group>"; };
		A5DAEA55273A59A200559AA0 /* Info.plist */ = {isa = PBXFileReference; lastKnownFileType = text.plist.xml; path = Info.plist; sourceTree = "<group>"; };
		A5DAEA5A273A59A200559AA0 /* TableViewsUITests.xctest */ = {isa = PBXFileReference; explicitFileType = wrapper.cfbundle; includeInIndex = 0; path = TableViewsUITests.xctest; sourceTree = BUILT_PRODUCTS_DIR; };
		A5DAEA5E273A59A200559AA0 /* TableViewsUITests.swift */ = {isa = PBXFileReference; lastKnownFileType = sourcecode.swift; path = TableViewsUITests.swift; sourceTree = "<group>"; };
		A5DAEA60273A59A200559AA0 /* Info.plist */ = {isa = PBXFileReference; lastKnownFileType = text.plist.xml; path = Info.plist; sourceTree = "<group>"; };
/* End PBXFileReference section */

/* Begin PBXFrameworksBuildPhase section */
		A5DAEA36273A59A100559AA0 /* Frameworks */ = {
			isa = PBXFrameworksBuildPhase;
			buildActionMask = 2147483647;
			files = (
			);
			runOnlyForDeploymentPostprocessing = 0;
		};
		A5DAEA4C273A59A200559AA0 /* Frameworks */ = {
			isa = PBXFrameworksBuildPhase;
			buildActionMask = 2147483647;
			files = (
			);
			runOnlyForDeploymentPostprocessing = 0;
		};
		A5DAEA57273A59A200559AA0 /* Frameworks */ = {
			isa = PBXFrameworksBuildPhase;
			buildActionMask = 2147483647;
			files = (
			);
			runOnlyForDeploymentPostprocessing = 0;
		};
/* End PBXFrameworksBuildPhase section */

/* Begin PBXGroup section */
		A5DAEA30273A59A100559AA0 = {
			isa = PBXGroup;
			children = (
				A5DAEA3B273A59A100559AA0 /* TableViews */,
				A5DAEA52273A59A200559AA0 /* TableViewsTests */,
				A5DAEA5D273A59A200559AA0 /* TableViewsUITests */,
				A5DAEA3A273A59A100559AA0 /* Products */,
			);
			sourceTree = "<group>";
		};
		A5DAEA3A273A59A100559AA0 /* Products */ = {
			isa = PBXGroup;
			children = (
				A5DAEA39273A59A100559AA0 /* TableViews.app */,
				A5DAEA4F273A59A200559AA0 /* TableViewsTests.xctest */,
				A5DAEA5A273A59A200559AA0 /* TableViewsUITests.xctest */,
			);
			name = Products;
			sourceTree = "<group>";
		};
		A5DAEA3B273A59A100559AA0 /* TableViews */ = {
			isa = PBXGroup;
			children = (
				A5DAEA3C273A59A100559AA0 /* AppDelegate.swift */,
				A5DAEA3E273A59A100559AA0 /* SceneDelegate.swift */,
				A5DAEA40273A59A100559AA0 /* ViewController.swift */,
				A5DAEA42273A59A100559AA0 /* Main.storyboard */,
				A5DAEA45273A59A200559AA0 /* Assets.xcassets */,
				A5DAEA47273A59A200559AA0 /* LaunchScreen.storyboard */,
				A5DAEA4A273A59A200559AA0 /* Info.plist */,
			);
			path = TableViews;
			sourceTree = "<group>";
		};
		A5DAEA52273A59A200559AA0 /* TableViewsTests */ = {
			isa = PBXGroup;
			children = (
				A5DAEA53273A59A200559AA0 /* TableViewsTests.swift */,
				A5DAEA55273A59A200559AA0 /* Info.plist */,
			);
			path = TableViewsTests;
			sourceTree = "<group>";
		};
		A5DAEA5D273A59A200559AA0 /* TableViewsUITests */ = {
			isa = PBXGroup;
			children = (
				A5DAEA5E273A59A200559AA0 /* TableViewsUITests.swift */,
				A5DAEA60273A59A200559AA0 /* Info.plist */,
			);
			path = TableViewsUITests;
			sourceTree = "<group>";
		};
/* End PBXGroup section */

/* Begin PBXNativeTarget section */
		A5DAEA38273A59A100559AA0 /* TableViews */ = {
			isa = PBXNativeTarget;
			buildConfigurationList = A5DAEA63273A59A200559AA0 /* Build configuration list for PBXNativeTarget "TableViews" */;
			buildPhases = (
				A5DAEA35273A59A100559AA0 /* Sources */,
				A5DAEA36273A59A100559AA0 /* Frameworks */,
				A5DAEA37273A59A100559AA0 /* Resources */,
			);
			buildRules = (
			);
			dependencies = (
			);
			name = TableViews;
			productName = TableViews;
			productReference = A5DAEA39273A59A100559AA0 /* TableViews.app */;
			productType = "com.apple.product-type.application";
		};
		A5DAEA4E273A59A200559AA0 /* TableViewsTests */ = {
			isa = PBXNativeTarget;
			buildConfigurationList = A5DAEA66273A59A200559AA0 /* Build configuration list for PBXNativeTarget "TableViewsTests" */;
			buildPhases = (
				A5DAEA4B273A59A200559AA0 /* Sources */,
				A5DAEA4C273A59A200559AA0 /* Frameworks */,
				A5DAEA4D273A59A200559AA0 /* Resources */,
			);
			buildRules = (
			);
			dependencies = (
				A5DAEA51273A59A200559AA0 /* PBXTargetDependency */,
			);
			name = TableViewsTests;
			productName = TableViewsTests;
			productReference = A5DAEA4F273A59A200559AA0 /* TableViewsTests.xctest */;
			productType = "com.apple.product-type.bundle.unit-test";
		};
		A5DAEA59273A59A200559AA0 /* TableViewsUITests */ = {
			isa = PBXNativeTarget;
			buildConfigurationList = A5DAEA69273A59A200559AA0 /* Build configuration list for PBXNativeTarget "TableViewsUITests" */;
			buildPhases = (
				A5DAEA56273A59A200559AA0 /* Sources */,
				A5DAEA57273A59A200559AA0 /* Frameworks */,
				A5DAEA58273A59A200559AA0 /* Resources */,
			);
			buildRules = (
			);
			dependencies = (
				A5DAEA5C273A59A200559AA0 /* PBXTargetDependency */,
			);
			name = TableViewsUITests;
			productName = TableViewsUITests;
			productReference = A5DAEA5A273A59A200559AA0 /* TableViewsUITests.xctest */;
			productType = "com.apple.product-type.bundle.ui-testing";
		};
/* End PBXNativeTarget section */

/* Begin PBXProject section */
		A5DAEA31273A59A100559AA0 /* Project object */ = {
			isa = PBXProject;
			attributes = {
				LastSwiftUpdateCheck = 1250;
				LastUpgradeCheck = 1250;
				TargetAttributes = {
					A5DAEA38273A59A100559AA0 = {
						CreatedOnToolsVersion = 12.5;
					};
					A5DAEA4E273A59A200559AA0 = {
						CreatedOnToolsVersion = 12.5;
						TestTargetID = A5DAEA38273A59A100559AA0;
					};
					A5DAEA59273A59A200559AA0 = {
						CreatedOnToolsVersion = 12.5;
						TestTargetID = A5DAEA38273A59A100559AA0;
					};
				};
			};
			buildConfigurationList = A5DAEA34273A59A100559AA0 /* Build configuration list for PBXProject "TableViews" */;
			compatibilityVersion = "Xcode 9.3";
			developmentRegion = en;
			hasScannedForEncodings = 0;
			knownRegions = (
				en,
				Base,
			);
			mainGroup = A5DAEA30273A59A100559AA0;
			productRefGroup = A5DAEA3A273A59A100559AA0 /* Products */;
			projectDirPath = "";
			projectRoot = "";
			targets = (
				A5DAEA38273A59A100559AA0 /* TableViews */,
				A5DAEA4E273A59A200559AA0 /* TableViewsTests */,
				A5DAEA59273A59A200559AA0 /* TableViewsUITests */,
			);
		};
/* End PBXProject section */

/* Begin PBXResourcesBuildPhase section */
		A5DAEA37273A59A100559AA0 /* Resources */ = {
			isa = PBXResourcesBuildPhase;
			buildActionMask = 2147483647;
			files = (
				A5DAEA49273A59A200559AA0 /* LaunchScreen.storyboard in Resources */,
				A5DAEA46273A59A200559AA0 /* Assets.xcassets in Resources */,
				A5DAEA44273A59A100559AA0 /* Main.storyboard in Resources */,
			);
			runOnlyForDeploymentPostprocessing = 0;
		};
		A5DAEA4D273A59A200559AA0 /* Resources */ = {
			isa = PBXResourcesBuildPhase;
			buildActionMask = 2147483647;
			files = (
			);
			runOnlyForDeploymentPostprocessing = 0;
		};
		A5DAEA58273A59A200559AA0 /* Resources */ = {
			isa = PBXResourcesBuildPhase;
			buildActionMask = 2147483647;
			files = (
			);
			runOnlyForDeploymentPostprocessing = 0;
		};
/* End PBXResourcesBuildPhase section */

/* Begin PBXSourcesBuildPhase section */
		A5DAEA35273A59A100559AA0 /* Sources */ = {
			isa = PBXSourcesBuildPhase;
			buildActionMask = 2147483647;
			files = (
				A5DAEA41273A59A100559AA0 /* ViewController.swift in Sources */,
				A5DAEA3D273A59A100559AA0 /* AppDelegate.swift in Sources */,
				A5DAEA3F273A59A100559AA0 /* SceneDelegate.swift in Sources */,
			);
			runOnlyForDeploymentPostprocessing = 0;
		};
		A5DAEA4B273A59A200559AA0 /* Sources */ = {
			isa = PBXSourcesBuildPhase;
			buildActionMask = 2147483647;
			files = (
				A5DAEA54273A59A200559AA0 /* TableViewsTests.swift in Sources */,
			);
			runOnlyForDeploymentPostprocessing = 0;
		};
		A5DAEA56273A59A200559AA0 /* Sources */ = {
			isa = PBXSourcesBuildPhase;
			buildActionMask = 2147483647;
			files = (
				A5DAEA5F273A59A200559AA0 /* TableViewsUITests.swift in Sources */,
			);
			runOnlyForDeploymentPostprocessing = 0;
		};
/* End PBXSourcesBuildPhase section */

/* Begin PBXTargetDependency section */
		A5DAEA51273A59A200559AA0 /* PBXTargetDependency */ = {
			isa = PBXTargetDependency;
			target = A5DAEA38273A59A100559AA0 /* TableViews */;
			targetProxy = A5DAEA50273A59A200559AA0 /* PBXContainerItemProxy */;
		};
		A5DAEA5C273A59A200559AA0 /* PBXTargetDependency */ = {
			isa = PBXTargetDependency;
			target = A5DAEA38273A59A100559AA0 /* TableViews */;
			targetProxy = A5DAEA5B273A59A200559AA0 /* PBXContainerItemProxy */;
		};
/* End PBXTargetDependency section */

/* Begin PBXVariantGroup section */
		A5DAEA42273A59A100559AA0 /* Main.storyboard */ = {
			isa = PBXVariantGroup;
			children = (
				A5DAEA43273A59A100559AA0 /* Base */,
			);
			name = Main.storyboard;
			sourceTree = "<group>";
		};
		A5DAEA47273A59A200559AA0 /* LaunchScreen.storyboard */ = {
			isa = PBXVariantGroup;
			children = (
				A5DAEA48273A59A200559AA0 /* Base */,
			);
			name = LaunchScreen.storyboard;
			sourceTree = "<group>";
		};
/* End PBXVariantGroup section */

/* Begin XCBuildConfiguration section */
		A5DAEA61273A59A200559AA0 /* Debug */ = {
			isa = XCBuildConfiguration;
			buildSettings = {
				ALWAYS_SEARCH_USER_PATHS = NO;
				CLANG_ANALYZER_NONNULL = YES;
				CLANG_ANALYZER_NUMBER_OBJECT_CONVERSION = YES_AGGRESSIVE;
				CLANG_CXX_LANGUAGE_STANDARD = "gnu++14";
				CLANG_CXX_LIBRARY = "libc++";
				CLANG_ENABLE_MODULES = YES;
				CLANG_ENABLE_OBJC_ARC = YES;
				CLANG_ENABLE_OBJC_WEAK = YES;
				CLANG_WARN_BLOCK_CAPTURE_AUTORELEASING = YES;
				CLANG_WARN_BOOL_CONVERSION = YES;
				CLANG_WARN_COMMA = YES;
				CLANG_WARN_CONSTANT_CONVERSION = YES;
				CLANG_WARN_DEPRECATED_OBJC_IMPLEMENTATIONS = YES;
				CLANG_WARN_DIRECT_OBJC_ISA_USAGE = YES_ERROR;
				CLANG_WARN_DOCUMENTATION_COMMENTS = YES;
				CLANG_WARN_EMPTY_BODY = YES;
				CLANG_WARN_ENUM_CONVERSION = YES;
				CLANG_WARN_INFINITE_RECURSION = YES;
				CLANG_WARN_INT_CONVERSION = YES;
				CLANG_WARN_NON_LITERAL_NULL_CONVERSION = YES;
				CLANG_WARN_OBJC_IMPLICIT_RETAIN_SELF = YES;
				CLANG_WARN_OBJC_LITERAL_CONVERSION = YES;
				CLANG_WARN_OBJC_ROOT_CLASS = YES_ERROR;
				CLANG_WARN_QUOTED_INCLUDE_IN_FRAMEWORK_HEADER = YES;
				CLANG_WARN_RANGE_LOOP_ANALYSIS = YES;
				CLANG_WARN_STRICT_PROTOTYPES = YES;
				CLANG_WARN_SUSPICIOUS_MOVE = YES;
				CLANG_WARN_UNGUARDED_AVAILABILITY = YES_AGGRESSIVE;
				CLANG_WARN_UNREACHABLE_CODE = YES;
				CLANG_WARN__DUPLICATE_METHOD_MATCH = YES;
				COPY_PHASE_STRIP = NO;
				DEBUG_INFORMATION_FORMAT = dwarf;
				ENABLE_STRICT_OBJC_MSGSEND = YES;
				ENABLE_TESTABILITY = YES;
				GCC_C_LANGUAGE_STANDARD = gnu11;
				GCC_DYNAMIC_NO_PIC = NO;
				GCC_NO_COMMON_BLOCKS = YES;
				GCC_OPTIMIZATION_LEVEL = 0;
				GCC_PREPROCESSOR_DEFINITIONS = (
					"DEBUG=1",
					"$(inherited)",
				);
				GCC_WARN_64_TO_32_BIT_CONVERSION = YES;
				GCC_WARN_ABOUT_RETURN_TYPE = YES_ERROR;
				GCC_WARN_UNDECLARED_SELECTOR = YES;
				GCC_WARN_UNINITIALIZED_AUTOS = YES_AGGRESSIVE;
				GCC_WARN_UNUSED_FUNCTION = YES;
				GCC_WARN_UNUSED_VARIABLE = YES;
				IPHONEOS_DEPLOYMENT_TARGET = 14.5;
				MTL_ENABLE_DEBUG_INFO = INCLUDE_SOURCE;
				MTL_FAST_MATH = YES;
				ONLY_ACTIVE_ARCH = YES;
				SDKROOT = iphoneos;
				SWIFT_ACTIVE_COMPILATION_CONDITIONS = DEBUG;
				SWIFT_OPTIMIZATION_LEVEL = "-Onone";
			};
			name = Debug;
		};
		A5DAEA62273A59A200559AA0 /* Release */ = {
			isa = XCBuildConfiguration;
			buildSettings = {
				ALWAYS_SEARCH_USER_PATHS = NO;
				CLANG_ANALYZER_NONNULL = YES;
				CLANG_ANALYZER_NUMBER_OBJECT_CONVERSION = YES_AGGRESSIVE;
				CLANG_CXX_LANGUAGE_STANDARD = "gnu++14";
				CLANG_CXX_LIBRARY = "libc++";
				CLANG_ENABLE_MODULES = YES;
				CLANG_ENABLE_OBJC_ARC = YES;
				CLANG_ENABLE_OBJC_WEAK = YES;
				CLANG_WARN_BLOCK_CAPTURE_AUTORELEASING = YES;
				CLANG_WARN_BOOL_CONVERSION = YES;
				CLANG_WARN_COMMA = YES;
				CLANG_WARN_CONSTANT_CONVERSION = YES;
				CLANG_WARN_DEPRECATED_OBJC_IMPLEMENTATIONS = YES;
				CLANG_WARN_DIRECT_OBJC_ISA_USAGE = YES_ERROR;
				CLANG_WARN_DOCUMENTATION_COMMENTS = YES;
				CLANG_WARN_EMPTY_BODY = YES;
				CLANG_WARN_ENUM_CONVERSION = YES;
				CLANG_WARN_INFINITE_RECURSION = YES;
				CLANG_WARN_INT_CONVERSION = YES;
				CLANG_WARN_NON_LITERAL_NULL_CONVERSION = YES;
				CLANG_WARN_OBJC_IMPLICIT_RETAIN_SELF = YES;
				CLANG_WARN_OBJC_LITERAL_CONVERSION = YES;
				CLANG_WARN_OBJC_ROOT_CLASS = YES_ERROR;
				CLANG_WARN_QUOTED_INCLUDE_IN_FRAMEWORK_HEADER = YES;
				CLANG_WARN_RANGE_LOOP_ANALYSIS = YES;
				CLANG_WARN_STRICT_PROTOTYPES = YES;
				CLANG_WARN_SUSPICIOUS_MOVE = YES;
				CLANG_WARN_UNGUARDED_AVAILABILITY = YES_AGGRESSIVE;
				CLANG_WARN_UNREACHABLE_CODE = YES;
				CLANG_WARN__DUPLICATE_METHOD_MATCH = YES;
				COPY_PHASE_STRIP = NO;
				DEBUG_INFORMATION_FORMAT = "dwarf-with-dsym";
				ENABLE_NS_ASSERTIONS = NO;
				ENABLE_STRICT_OBJC_MSGSEND = YES;
				GCC_C_LANGUAGE_STANDARD = gnu11;
				GCC_NO_COMMON_BLOCKS = YES;
				GCC_WARN_64_TO_32_BIT_CONVERSION = YES;
				GCC_WARN_ABOUT_RETURN_TYPE = YES_ERROR;
				GCC_WARN_UNDECLARED_SELECTOR = YES;
				GCC_WARN_UNINITIALIZED_AUTOS = YES_AGGRESSIVE;
				GCC_WARN_UNUSED_FUNCTION = YES;
				GCC_WARN_UNUSED_VARIABLE = YES;
				IPHONEOS_DEPLOYMENT_TARGET = 14.5;
				MTL_ENABLE_DEBUG_INFO = NO;
				MTL_FAST_MATH = YES;
				SDKROOT = iphoneos;
				SWIFT_COMPILATION_MODE = wholemodule;
				SWIFT_OPTIMIZATION_LEVEL = "-O";
				VALIDATE_PRODUCT = YES;
			};
			name = Release;
		};
		A5DAEA64273A59A200559AA0 /* Debug */ = {
			isa = XCBuildConfiguration;
			buildSettings = {
				ASSETCATALOG_COMPILER_APPICON_NAME = AppIcon;
				ASSETCATALOG_COMPILER_GLOBAL_ACCENT_COLOR_NAME = AccentColor;
				CODE_SIGN_STYLE = Automatic;
				INFOPLIST_FILE = TableViews/Info.plist;
				LD_RUNPATH_SEARCH_PATHS = (
					"$(inherited)",
					"@executable_path/Frameworks",
				);
				PRODUCT_BUNDLE_IDENTIFIER = "Bosko--Nikolic.TableViews";
				PRODUCT_NAME = "$(TARGET_NAME)";
				SWIFT_VERSION = 5.0;
				TARGETED_DEVICE_FAMILY = "1,2";
			};
			name = Debug;
		};
		A5DAEA65273A59A200559AA0 /* Release */ = {
			isa = XCBuildConfiguration;
			buildSettings = {
				ASSETCATALOG_COMPILER_APPICON_NAME = AppIcon;
				ASSETCATALOG_COMPILER_GLOBAL_ACCENT_COLOR_NAME = AccentColor;
				CODE_SIGN_STYLE = Automatic;
				INFOPLIST_FILE = TableViews/Info.plist;
				LD_RUNPATH_SEARCH_PATHS = (
					"$(inherited)",
					"@executable_path/Frameworks",
				);
				PRODUCT_BUNDLE_IDENTIFIER = "Bosko--Nikolic.TableViews";
				PRODUCT_NAME = "$(TARGET_NAME)";
				SWIFT_VERSION = 5.0;
				TARGETED_DEVICE_FAMILY = "1,2";
			};
			name = Release;
		};
		A5DAEA67273A59A200559AA0 /* Debug */ = {
			isa = XCBuildConfiguration;
			buildSettings = {
				ALWAYS_EMBED_SWIFT_STANDARD_LIBRARIES = YES;
				BUNDLE_LOADER = "$(TEST_HOST)";
				CODE_SIGN_STYLE = Automatic;
				INFOPLIST_FILE = TableViewsTests/Info.plist;
				IPHONEOS_DEPLOYMENT_TARGET = 14.5;
				LD_RUNPATH_SEARCH_PATHS = (
					"$(inherited)",
					"@executable_path/Frameworks",
					"@loader_path/Frameworks",
				);
				PRODUCT_BUNDLE_IDENTIFIER = "Bosko--Nikolic.TableViewsTests";
				PRODUCT_NAME = "$(TARGET_NAME)";
				SWIFT_VERSION = 5.0;
				TARGETED_DEVICE_FAMILY = "1,2";
				TEST_HOST = "$(BUILT_PRODUCTS_DIR)/TableViews.app/TableViews";
			};
			name = Debug;
		};
		A5DAEA68273A59A200559AA0 /* Release */ = {
			isa = XCBuildConfiguration;
			buildSettings = {
				ALWAYS_EMBED_SWIFT_STANDARD_LIBRARIES = YES;
				BUNDLE_LOADER = "$(TEST_HOST)";
				CODE_SIGN_STYLE = Automatic;
				INFOPLIST_FILE = TableViewsTests/Info.plist;
				IPHONEOS_DEPLOYMENT_TARGET = 14.5;
				LD_RUNPATH_SEARCH_PATHS = (
					"$(inherited)",
					"@executable_path/Frameworks",
					"@loader_path/Frameworks",
				);
				PRODUCT_BUNDLE_IDENTIFIER = "Bosko--Nikolic.TableViewsTests";
				PRODUCT_NAME = "$(TARGET_NAME)";
				SWIFT_VERSION = 5.0;
				TARGETED_DEVICE_FAMILY = "1,2";
				TEST_HOST = "$(BUILT_PRODUCTS_DIR)/TableViews.app/TableViews";
			};
			name = Release;
		};
		A5DAEA6A273A59A200559AA0 /* Debug */ = {
			isa = XCBuildConfiguration;
			buildSettings = {
				ALWAYS_EMBED_SWIFT_STANDARD_LIBRARIES = YES;
				CODE_SIGN_STYLE = Automatic;
				INFOPLIST_FILE = TableViewsUITests/Info.plist;
				LD_RUNPATH_SEARCH_PATHS = (
					"$(inherited)",
					"@executable_path/Frameworks",
					"@loader_path/Frameworks",
				);
				PRODUCT_BUNDLE_IDENTIFIER = "Bosko--Nikolic.TableViewsUITests";
				PRODUCT_NAME = "$(TARGET_NAME)";
				SWIFT_VERSION = 5.0;
				TARGETED_DEVICE_FAMILY = "1,2";
				TEST_TARGET_NAME = TableViews;
			};
			name = Debug;
		};
		A5DAEA6B273A59A200559AA0 /* Release */ = {
			isa = XCBuildConfiguration;
			buildSettings = {
				ALWAYS_EMBED_SWIFT_STANDARD_LIBRARIES = YES;
				CODE_SIGN_STYLE = Automatic;
				INFOPLIST_FILE = TableViewsUITests/Info.plist;
				LD_RUNPATH_SEARCH_PATHS = (
					"$(inherited)",
					"@executable_path/Frameworks",
					"@loader_path/Frameworks",
				);
				PRODUCT_BUNDLE_IDENTIFIER = "Bosko--Nikolic.TableViewsUITests";
				PRODUCT_NAME = "$(TARGET_NAME)";
				SWIFT_VERSION = 5.0;
				TARGETED_DEVICE_FAMILY = "1,2";
				TEST_TARGET_NAME = TableViews;
			};
			name = Release;
		};
/* End XCBuildConfiguration section */

/* Begin XCConfigurationList section */
		A5DAEA34273A59A100559AA0 /* Build configuration list for PBXProject "TableViews" */ = {
			isa = XCConfigurationList;
			buildConfigurations = (
				A5DAEA61273A59A200559AA0 /* Debug */,
				A5DAEA62273A59A200559AA0 /* Release */,
			);
			defaultConfigurationIsVisible = 0;
			defaultConfigurationName = Release;
		};
		A5DAEA63273A59A200559AA0 /* Build configuration list for PBXNativeTarget "TableViews" */ = {
			isa = XCConfigurationList;
			buildConfigurations = (
				A5DAEA64273A59A200559AA0 /* Debug */,
				A5DAEA65273A59A200559AA0 /* Release */,
			);
			defaultConfigurationIsVisible = 0;
			defaultConfigurationName = Release;
		};
		A5DAEA66273A59A200559AA0 /* Build configuration list for PBXNativeTarget "TableViewsTests" */ = {
			isa = XCConfigurationList;
			buildConfigurations = (
				A5DAEA67273A59A200559AA0 /* Debug */,
				A5DAEA68273A59A200559AA0 /* Release */,
			);
			defaultConfigurationIsVisible = 0;
			defaultConfigurationName = Release;
		};
		A5DAEA69273A59A200559AA0 /* Build configuration list for PBXNativeTarget "TableViewsUITests" */ = {
			isa = XCConfigurationList;
			buildConfigurations = (
				A5DAEA6A273A59A200559AA0 /* Debug */,
				A5DAEA6B273A59A200559AA0 /* Release */,
			);
			defaultConfigurationIsVisible = 0;
			defaultConfigurationName = Release;
		};
/* End XCConfigurationList section */
	};
	rootObject = A5DAEA31273A59A100559AA0 /* Project object */;
}
